// !$*UTF8*$!
{
	archiveVersion = 1;
	classes = {
	};
	objectVersion = 50;
	objects = {

/* Begin PBXBuildFile section */
		903919F826527AC800BB62AD /* MeetupContactsApp.swift in Sources */ = {isa = PBXBuildFile; fileRef = 903919F726527AC800BB62AD /* MeetupContactsApp.swift */; };
		903919FA26527AC800BB62AD /* ContentView.swift in Sources */ = {isa = PBXBuildFile; fileRef = 903919F926527AC800BB62AD /* ContentView.swift */; };
		903919FC26527ACB00BB62AD /* Assets.xcassets in Resources */ = {isa = PBXBuildFile; fileRef = 903919FB26527ACB00BB62AD /* Assets.xcassets */; };
		903919FF26527ACB00BB62AD /* Preview Assets.xcassets in Resources */ = {isa = PBXBuildFile; fileRef = 903919FE26527ACB00BB62AD /* Preview Assets.xcassets */; };
		90391A0726527B2800BB62AD /* ContactModel.swift in Sources */ = {isa = PBXBuildFile; fileRef = 90391A0626527B2800BB62AD /* ContactModel.swift */; };
		90391A0926528EE500BB62AD /* ImagePicker.swift in Sources */ = {isa = PBXBuildFile; fileRef = 90391A0826528EE500BB62AD /* ImagePicker.swift */; };
		90391A0B2652927B00BB62AD /* ContactDetailsView.swift in Sources */ = {isa = PBXBuildFile; fileRef = 90391A0A2652927B00BB62AD /* ContactDetailsView.swift */; };
		90391A0D2653C12B00BB62AD /* AddEditContactView.swift in Sources */ = {isa = PBXBuildFile; fileRef = 90391A0C2653C12B00BB62AD /* AddEditContactView.swift */; };
		90391A0F2653DD4D00BB62AD /* FileManagerExtension.swift in Sources */ = {isa = PBXBuildFile; fileRef = 90391A0E2653DD4D00BB62AD /* FileManagerExtension.swift */; };
		90391A1126550F6200BB62AD /* MKPointAnnotation-ObservableObject.swift in Sources */ = {isa = PBXBuildFile; fileRef = 90391A1026550F6200BB62AD /* MKPointAnnotation-ObservableObject.swift */; };
		90391A1326550FA900BB62AD /* MKPointAnnotation-Codable.swift in Sources */ = {isa = PBXBuildFile; fileRef = 90391A1226550FA900BB62AD /* MKPointAnnotation-Codable.swift */; };
		90391A1526550FFD00BB62AD /* MapView.swift in Sources */ = {isa = PBXBuildFile; fileRef = 90391A1426550FFD00BB62AD /* MapView.swift */; };
		90391A172655104A00BB62AD /* LocationFetcher.swift in Sources */ = {isa = PBXBuildFile; fileRef = 90391A162655104A00BB62AD /* LocationFetcher.swift */; };
/* End PBXBuildFile section */

/* Begin PBXFileReference section */
		903919F426527AC800BB62AD /* MeetupContacts.app */ = {isa = PBXFileReference; explicitFileType = wrapper.application; includeInIndex = 0; path = MeetupContacts.app; sourceTree = BUILT_PRODUCTS_DIR; };
		903919F726527AC800BB62AD /* MeetupContactsApp.swift */ = {isa = PBXFileReference; lastKnownFileType = sourcecode.swift; path = MeetupContactsApp.swift; sourceTree = "<group>"; };
		903919F926527AC800BB62AD /* ContentView.swift */ = {isa = PBXFileReference; lastKnownFileType = sourcecode.swift; path = ContentView.swift; sourceTree = "<group>"; };
		903919FB26527ACB00BB62AD /* Assets.xcassets */ = {isa = PBXFileReference; lastKnownFileType = folder.assetcatalog; path = Assets.xcassets; sourceTree = "<group>"; };
		903919FE26527ACB00BB62AD /* Preview Assets.xcassets */ = {isa = PBXFileReference; lastKnownFileType = folder.assetcatalog; path = "Preview Assets.xcassets"; sourceTree = "<group>"; };
		90391A0026527ACB00BB62AD /* Info.plist */ = {isa = PBXFileReference; lastKnownFileType = text.plist.xml; path = Info.plist; sourceTree = "<group>"; };
		90391A0626527B2800BB62AD /* ContactModel.swift */ = {isa = PBXFileReference; lastKnownFileType = sourcecode.swift; path = ContactModel.swift; sourceTree = "<group>"; };
		90391A0826528EE500BB62AD /* ImagePicker.swift */ = {isa = PBXFileReference; lastKnownFileType = sourcecode.swift; path = ImagePicker.swift; sourceTree = "<group>"; };
		90391A0A2652927B00BB62AD /* ContactDetailsView.swift */ = {isa = PBXFileReference; lastKnownFileType = sourcecode.swift; path = ContactDetailsView.swift; sourceTree = "<group>"; };
		90391A0C2653C12B00BB62AD /* AddEditContactView.swift */ = {isa = PBXFileReference; lastKnownFileType = sourcecode.swift; path = AddEditContactView.swift; sourceTree = "<group>"; };
		90391A0E2653DD4D00BB62AD /* FileManagerExtension.swift */ = {isa = PBXFileReference; lastKnownFileType = sourcecode.swift; path = FileManagerExtension.swift; sourceTree = "<group>"; };
		90391A1026550F6200BB62AD /* MKPointAnnotation-ObservableObject.swift */ = {isa = PBXFileReference; lastKnownFileType = sourcecode.swift; path = "MKPointAnnotation-ObservableObject.swift"; sourceTree = "<group>"; };
		90391A1226550FA900BB62AD /* MKPointAnnotation-Codable.swift */ = {isa = PBXFileReference; lastKnownFileType = sourcecode.swift; path = "MKPointAnnotation-Codable.swift"; sourceTree = "<group>"; };
		90391A1426550FFD00BB62AD /* MapView.swift */ = {isa = PBXFileReference; lastKnownFileType = sourcecode.swift; path = MapView.swift; sourceTree = "<group>"; };
		90391A162655104A00BB62AD /* LocationFetcher.swift */ = {isa = PBXFileReference; lastKnownFileType = sourcecode.swift; path = LocationFetcher.swift; sourceTree = "<group>"; };
/* End PBXFileReference section */

/* Begin PBXFrameworksBuildPhase section */
		903919F126527AC800BB62AD /* Frameworks */ = {
			isa = PBXFrameworksBuildPhase;
			buildActionMask = 2147483647;
			files = (
			);
			runOnlyForDeploymentPostprocessing = 0;
		};
/* End PBXFrameworksBuildPhase section */

/* Begin PBXGroup section */
		903919EB26527AC800BB62AD = {
			isa = PBXGroup;
			children = (
				90391A1426550FFD00BB62AD /* MapView.swift */,
				903919F626527AC800BB62AD /* MeetupContacts */,
				903919F526527AC800BB62AD /* Products */,
			);
			sourceTree = "<group>";
		};
		903919F526527AC800BB62AD /* Products */ = {
			isa = PBXGroup;
			children = (
				903919F426527AC800BB62AD /* MeetupContacts.app */,
			);
			name = Products;
			sourceTree = "<group>";
		};
		903919F626527AC800BB62AD /* MeetupContacts */ = {
			isa = PBXGroup;
			children = (
				903919F726527AC800BB62AD /* MeetupContactsApp.swift */,
				90391A0626527B2800BB62AD /* ContactModel.swift */,
				90391A0E2653DD4D00BB62AD /* FileManagerExtension.swift */,
				903919F926527AC800BB62AD /* ContentView.swift */,
				90391A1226550FA900BB62AD /* MKPointAnnotation-Codable.swift */,
				90391A162655104A00BB62AD /* LocationFetcher.swift */,
				90391A1026550F6200BB62AD /* MKPointAnnotation-ObservableObject.swift */,
				90391A0A2652927B00BB62AD /* ContactDetailsView.swift */,
				90391A0C2653C12B00BB62AD /* AddEditContactView.swift */,
				90391A0826528EE500BB62AD /* ImagePicker.swift */,
				903919FB26527ACB00BB62AD /* Assets.xcassets */,
				90391A0026527ACB00BB62AD /* Info.plist */,
				903919FD26527ACB00BB62AD /* Preview Content */,
			);
			path = MeetupContacts;
			sourceTree = "<group>";
		};
		903919FD26527ACB00BB62AD /* Preview Content */ = {
			isa = PBXGroup;
			children = (
				903919FE26527ACB00BB62AD /* Preview Assets.xcassets */,
			);
			path = "Preview Content";
			sourceTree = "<group>";
		};
/* End PBXGroup section */

/* Begin PBXNativeTarget section */
		903919F326527AC800BB62AD /* MeetupContacts */ = {
			isa = PBXNativeTarget;
			buildConfigurationList = 90391A0326527ACB00BB62AD /* Build configuration list for PBXNativeTarget "MeetupContacts" */;
			buildPhases = (
				903919F026527AC800BB62AD /* Sources */,
				903919F126527AC800BB62AD /* Frameworks */,
				903919F226527AC800BB62AD /* Resources */,
			);
			buildRules = (
			);
			dependencies = (
			);
			name = MeetupContacts;
			productName = MeetupContacts;
			productReference = 903919F426527AC800BB62AD /* MeetupContacts.app */;
			productType = "com.apple.product-type.application";
		};
/* End PBXNativeTarget section */

/* Begin PBXProject section */
		903919EC26527AC800BB62AD /* Project object */ = {
			isa = PBXProject;
			attributes = {
				LastSwiftUpdateCheck = 1250;
				LastUpgradeCheck = 1250;
				TargetAttributes = {
					903919F326527AC800BB62AD = {
						CreatedOnToolsVersion = 12.5;
					};
				};
			};
			buildConfigurationList = 903919EF26527AC800BB62AD /* Build configuration list for PBXProject "MeetupContacts" */;
			compatibilityVersion = "Xcode 9.3";
			developmentRegion = en;
			hasScannedForEncodings = 0;
			knownRegions = (
				en,
				Base,
			);
			mainGroup = 903919EB26527AC800BB62AD;
			productRefGroup = 903919F526527AC800BB62AD /* Products */;
			projectDirPath = "";
			projectRoot = "";
			targets = (
				903919F326527AC800BB62AD /* MeetupContacts */,
			);
		};
/* End PBXProject section */

/* Begin PBXResourcesBuildPhase section */
		903919F226527AC800BB62AD /* Resources */ = {
			isa = PBXResourcesBuildPhase;
			buildActionMask = 2147483647;
			files = (
				903919FF26527ACB00BB62AD /* Preview Assets.xcassets in Resources */,
				903919FC26527ACB00BB62AD /* Assets.xcassets in Resources */,
			);
			runOnlyForDeploymentPostprocessing = 0;
		};
/* End PBXResourcesBuildPhase section */

/* Begin PBXSourcesBuildPhase section */
		903919F026527AC800BB62AD /* Sources */ = {
			isa = PBXSourcesBuildPhase;
			buildActionMask = 2147483647;
			files = (
				903919FA26527AC800BB62AD /* ContentView.swift in Sources */,
				90391A0D2653C12B00BB62AD /* AddEditContactView.swift in Sources */,
				90391A1126550F6200BB62AD /* MKPointAnnotation-ObservableObject.swift in Sources */,
				90391A0F2653DD4D00BB62AD /* FileManagerExtension.swift in Sources */,
				90391A172655104A00BB62AD /* LocationFetcher.swift in Sources */,
				90391A0B2652927B00BB62AD /* ContactDetailsView.swift in Sources */,
				90391A0926528EE500BB62AD /* ImagePicker.swift in Sources */,
				90391A1326550FA900BB62AD /* MKPointAnnotation-Codable.swift in Sources */,
				90391A1526550FFD00BB62AD /* MapView.swift in Sources */,
				903919F826527AC800BB62AD /* MeetupContactsApp.swift in Sources */,
				90391A0726527B2800BB62AD /* ContactModel.swift in Sources */,
			);
			runOnlyForDeploymentPostprocessing = 0;
		};
/* End PBXSourcesBuildPhase section */

/* Begin XCBuildConfiguration section */
		90391A0126527ACB00BB62AD /* Debug */ = {
			isa = XCBuildConfiguration;
			buildSettings = {
				ALWAYS_SEARCH_USER_PATHS = NO;
				CLANG_ANALYZER_NONNULL = YES;
				CLANG_ANALYZER_NUMBER_OBJECT_CONVERSION = YES_AGGRESSIVE;
				CLANG_CXX_LANGUAGE_STANDARD = "gnu++14";
				CLANG_CXX_LIBRARY = "libc++";
				CLANG_ENABLE_MODULES = YES;
				CLANG_ENABLE_OBJC_ARC = YES;
				CLANG_ENABLE_OBJC_WEAK = YES;
				CLANG_WARN_BLOCK_CAPTURE_AUTORELEASING = YES;
				CLANG_WARN_BOOL_CONVERSION = YES;
				CLANG_WARN_COMMA = YES;
				CLANG_WARN_CONSTANT_CONVERSION = YES;
				CLANG_WARN_DEPRECATED_OBJC_IMPLEMENTATIONS = YES;
				CLANG_WARN_DIRECT_OBJC_ISA_USAGE = YES_ERROR;
				CLANG_WARN_DOCUMENTATION_COMMENTS = YES;
				CLANG_WARN_EMPTY_BODY = YES;
				CLANG_WARN_ENUM_CONVERSION = YES;
				CLANG_WARN_INFINITE_RECURSION = YES;
				CLANG_WARN_INT_CONVERSION = YES;
				CLANG_WARN_NON_LITERAL_NULL_CONVERSION = YES;
				CLANG_WARN_OBJC_IMPLICIT_RETAIN_SELF = YES;
				CLANG_WARN_OBJC_LITERAL_CONVERSION = YES;
				CLANG_WARN_OBJC_ROOT_CLASS = YES_ERROR;
				CLANG_WARN_QUOTED_INCLUDE_IN_FRAMEWORK_HEADER = YES;
				CLANG_WARN_RANGE_LOOP_ANALYSIS = YES;
				CLANG_WARN_STRICT_PROTOTYPES = YES;
				CLANG_WARN_SUSPICIOUS_MOVE = YES;
				CLANG_WARN_UNGUARDED_AVAILABILITY = YES_AGGRESSIVE;
				CLANG_WARN_UNREACHABLE_CODE = YES;
				CLANG_WARN__DUPLICATE_METHOD_MATCH = YES;
				COPY_PHASE_STRIP = NO;
				DEBUG_INFORMATION_FORMAT = dwarf;
				ENABLE_STRICT_OBJC_MSGSEND = YES;
				ENABLE_TESTABILITY = YES;
				GCC_C_LANGUAGE_STANDARD = gnu11;
				GCC_DYNAMIC_NO_PIC = NO;
				GCC_NO_COMMON_BLOCKS = YES;
				GCC_OPTIMIZATION_LEVEL = 0;
				GCC_PREPROCESSOR_DEFINITIONS = (
					"DEBUG=1",
					"$(inherited)",
				);
				GCC_WARN_64_TO_32_BIT_CONVERSION = YES;
				GCC_WARN_ABOUT_RETURN_TYPE = YES_ERROR;
				GCC_WARN_UNDECLARED_SELECTOR = YES;
				GCC_WARN_UNINITIALIZED_AUTOS = YES_AGGRESSIVE;
				GCC_WARN_UNUSED_FUNCTION = YES;
				GCC_WARN_UNUSED_VARIABLE = YES;
				IPHONEOS_DEPLOYMENT_TARGET = 14.5;
				MTL_ENABLE_DEBUG_INFO = INCLUDE_SOURCE;
				MTL_FAST_MATH = YES;
				ONLY_ACTIVE_ARCH = YES;
				SDKROOT = iphoneos;
				SWIFT_ACTIVE_COMPILATION_CONDITIONS = DEBUG;
				SWIFT_OPTIMIZATION_LEVEL = "-Onone";
			};
			name = Debug;
		};
		90391A0226527ACB00BB62AD /* Release */ = {
			isa = XCBuildConfiguration;
			buildSettings = {
				ALWAYS_SEARCH_USER_PATHS = NO;
				CLANG_ANALYZER_NONNULL = YES;
				CLANG_ANALYZER_NUMBER_OBJECT_CONVERSION = YES_AGGRESSIVE;
				CLANG_CXX_LANGUAGE_STANDARD = "gnu++14";
				CLANG_CXX_LIBRARY = "libc++";
				CLANG_ENABLE_MODULES = YES;
				CLANG_ENABLE_OBJC_ARC = YES;
				CLANG_ENABLE_OBJC_WEAK = YES;
				CLANG_WARN_BLOCK_CAPTURE_AUTORELEASING = YES;
				CLANG_WARN_BOOL_CONVERSION = YES;
				CLANG_WARN_COMMA = YES;
				CLANG_WARN_CONSTANT_CONVERSION = YES;
				CLANG_WARN_DEPRECATED_OBJC_IMPLEMENTATIONS = YES;
				CLANG_WARN_DIRECT_OBJC_ISA_USAGE = YES_ERROR;
				CLANG_WARN_DOCUMENTATION_COMMENTS = YES;
				CLANG_WARN_EMPTY_BODY = YES;
				CLANG_WARN_ENUM_CONVERSION = YES;
				CLANG_WARN_INFINITE_RECURSION = YES;
				CLANG_WARN_INT_CONVERSION = YES;
				CLANG_WARN_NON_LITERAL_NULL_CONVERSION = YES;
				CLANG_WARN_OBJC_IMPLICIT_RETAIN_SELF = YES;
				CLANG_WARN_OBJC_LITERAL_CONVERSION = YES;
				CLANG_WARN_OBJC_ROOT_CLASS = YES_ERROR;
				CLANG_WARN_QUOTED_INCLUDE_IN_FRAMEWORK_HEADER = YES;
				CLANG_WARN_RANGE_LOOP_ANALYSIS = YES;
				CLANG_WARN_STRICT_PROTOTYPES = YES;
				CLANG_WARN_SUSPICIOUS_MOVE = YES;
				CLANG_WARN_UNGUARDED_AVAILABILITY = YES_AGGRESSIVE;
				CLANG_WARN_UNREACHABLE_CODE = YES;
				CLANG_WARN__DUPLICATE_METHOD_MATCH = YES;
				COPY_PHASE_STRIP = NO;
				DEBUG_INFORMATION_FORMAT = "dwarf-with-dsym";
				ENABLE_NS_ASSERTIONS = NO;
				ENABLE_STRICT_OBJC_MSGSEND = YES;
				GCC_C_LANGUAGE_STANDARD = gnu11;
				GCC_NO_COMMON_BLOCKS = YES;
				GCC_WARN_64_TO_32_BIT_CONVERSION = YES;
				GCC_WARN_ABOUT_RETURN_TYPE = YES_ERROR;
				GCC_WARN_UNDECLARED_SELECTOR = YES;
				GCC_WARN_UNINITIALIZED_AUTOS = YES_AGGRESSIVE;
				GCC_WARN_UNUSED_FUNCTION = YES;
				GCC_WARN_UNUSED_VARIABLE = YES;
				IPHONEOS_DEPLOYMENT_TARGET = 14.5;
				MTL_ENABLE_DEBUG_INFO = NO;
				MTL_FAST_MATH = YES;
				SDKROOT = iphoneos;
				SWIFT_COMPILATION_MODE = wholemodule;
				SWIFT_OPTIMIZATION_LEVEL = "-O";
				VALIDATE_PRODUCT = YES;
			};
			name = Release;
		};
		90391A0426527ACB00BB62AD /* Debug */ = {
			isa = XCBuildConfiguration;
			buildSettings = {
				ASSETCATALOG_COMPILER_APPICON_NAME = AppIcon;
				ASSETCATALOG_COMPILER_GLOBAL_ACCENT_COLOR_NAME = AccentColor;
				CODE_SIGN_STYLE = Automatic;
				DEVELOPMENT_ASSET_PATHS = "\"MeetupContacts/Preview Content\"";
				DEVELOPMENT_TEAM = LC6H4V574H;
				ENABLE_PREVIEWS = YES;
				INFOPLIST_FILE = MeetupContacts/Info.plist;
				IPHONEOS_DEPLOYMENT_TARGET = 14.0;
				LD_RUNPATH_SEARCH_PATHS = (
					"$(inherited)",
					"@executable_path/Frameworks",
				);
				PRODUCT_BUNDLE_IDENTIFIER = dk.viskum.MeetupContacts;
				PRODUCT_NAME = "$(TARGET_NAME)";
				SWIFT_VERSION = 5.0;
				TARGETED_DEVICE_FAMILY = "1,2";
			};
			name = Debug;
		};
		90391A0526527ACB00BB62AD /* Release */ = {
			isa = XCBuildConfiguration;
			buildSettings = {
				ASSETCATALOG_COMPILER_APPICON_NAME = AppIcon;
				ASSETCATALOG_COMPILER_GLOBAL_ACCENT_COLOR_NAME = AccentColor;
				CODE_SIGN_STYLE = Automatic;
				DEVELOPMENT_ASSET_PATHS = "\"MeetupContacts/Preview Content\"";
				DEVELOPMENT_TEAM = LC6H4V574H;
				ENABLE_PREVIEWS = YES;
				INFOPLIST_FILE = MeetupContacts/Info.plist;
				IPHONEOS_DEPLOYMENT_TARGET = 14.0;
				LD_RUNPATH_SEARCH_PATHS = (
					"$(inherited)",
					"@executable_path/Frameworks",
				);
				PRODUCT_BUNDLE_IDENTIFIER = dk.viskum.MeetupContacts;
				PRODUCT_NAME = "$(TARGET_NAME)";
				SWIFT_VERSION = 5.0;
				TARGETED_DEVICE_FAMILY = "1,2";
			};
			name = Release;
		};
/* End XCBuildConfiguration section */

/* Begin XCConfigurationList section */
		903919EF26527AC800BB62AD /* Build configuration list for PBXProject "MeetupContacts" */ = {
			isa = XCConfigurationList;
			buildConfigurations = (
				90391A0126527ACB00BB62AD /* Debug */,
				90391A0226527ACB00BB62AD /* Release */,
			);
			defaultConfigurationIsVisible = 0;
			defaultConfigurationName = Release;
		};
		90391A0326527ACB00BB62AD /* Build configuration list for PBXNativeTarget "MeetupContacts" */ = {
			isa = XCConfigurationList;
			buildConfigurations = (
				90391A0426527ACB00BB62AD /* Debug */,
				90391A0526527ACB00BB62AD /* Release */,
			);
			defaultConfigurationIsVisible = 0;
			defaultConfigurationName = Release;
		};
/* End XCConfigurationList section */
	};
	rootObject = 903919EC26527AC800BB62AD /* Project object */;
}
